
Microsoft Visual Studio Solution File, Format Version 12.00
# Visual Studio Version 16
VisualStudioVersion = 16.0.31402.337
MinimumVisualStudioVersion = 10.0.40219.1
Project("{FAE04EC0-301F-11D3-BF4B-00C04F79EFBC}") = "Lab5A", "Lab5A\Lab5A.csproj", "{9935D700-CEA3-46F1-B142-D3C165ABE8CF}"
EndProject
Global
	GlobalSection(SolutionConfigurationPlatforms) = preSolution
		Debug|Any CPU = Debug|Any CPU
		Release|Any CPU = Release|Any CPU
	EndGlobalSection
	GlobalSection(ProjectConfigurationPlatforms) = postSolution
		{9935D700-CEA3-46F1-B142-D3C165ABE8CF}.Debug|Any CPU.ActiveCfg = Debug|Any CPU
		{9935D700-CEA3-46F1-B142-D3C165ABE8CF}.Debug|Any CPU.Build.0 = Debug|Any CPU
		{9935D700-CEA3-46F1-B142-D3C165ABE8CF}.Release|Any CPU.ActiveCfg = Release|Any CPU
		{9935D700-CEA3-46F1-B142-D3C165ABE8CF}.Release|Any CPU.Build.0 = Release|Any CPU
	EndGlobalSection
	GlobalSection(SolutionProperties) = preSolution
		HideSolutionNode = FALSE
	EndGlobalSection
	GlobalSection(ExtensibilityGlobals) = postSolution
		SolutionGuid = {48FDE6ED-2E04-4B97-B71A-37B29A9167DA}
	EndGlobalSection
EndGlobal
